// !$*UTF8*$!
{
	archiveVersion = 1;
	classes = {
	};
	objectVersion = 55;
	objects = {

/* Begin PBXBuildFile section */
		7E07F7B72883ECC900A63F42 /* AppDelegate.swift in Sources */ = {isa = PBXBuildFile; fileRef = 7E07F7B62883ECC900A63F42 /* AppDelegate.swift */; };
		7E07F7B92883ECC900A63F42 /* SceneDelegate.swift in Sources */ = {isa = PBXBuildFile; fileRef = 7E07F7B82883ECC900A63F42 /* SceneDelegate.swift */; };
		7E07F7BB2883ECC900A63F42 /* ViewController.swift in Sources */ = {isa = PBXBuildFile; fileRef = 7E07F7BA2883ECC900A63F42 /* ViewController.swift */; };
		7E07F7BE2883ECC900A63F42 /* Main.storyboard in Resources */ = {isa = PBXBuildFile; fileRef = 7E07F7BC2883ECC900A63F42 /* Main.storyboard */; };
		7E07F7C02883ECCE00A63F42 /* Assets.xcassets in Resources */ = {isa = PBXBuildFile; fileRef = 7E07F7BF2883ECCE00A63F42 /* Assets.xcassets */; };
		7E07F7C32883ECCE00A63F42 /* LaunchScreen.storyboard in Resources */ = {isa = PBXBuildFile; fileRef = 7E07F7C12883ECCE00A63F42 /* LaunchScreen.storyboard */; };
		7E07F7CE2883ECCE00A63F42 /* memory_LeakTests.swift in Sources */ = {isa = PBXBuildFile; fileRef = 7E07F7CD2883ECCE00A63F42 /* memory_LeakTests.swift */; };
		7E07F7D82883ECCE00A63F42 /* memory_LeakUITests.swift in Sources */ = {isa = PBXBuildFile; fileRef = 7E07F7D72883ECCE00A63F42 /* memory_LeakUITests.swift */; };
		7E07F7DA2883ECCE00A63F42 /* memory_LeakUITestsLaunchTests.swift in Sources */ = {isa = PBXBuildFile; fileRef = 7E07F7D92883ECCE00A63F42 /* memory_LeakUITestsLaunchTests.swift */; };
/* End PBXBuildFile section */

/* Begin PBXContainerItemProxy section */
		7E07F7CA2883ECCE00A63F42 /* PBXContainerItemProxy */ = {
			isa = PBXContainerItemProxy;
			containerPortal = 7E07F7AB2883ECC900A63F42 /* Project object */;
			proxyType = 1;
			remoteGlobalIDString = 7E07F7B22883ECC900A63F42;
			remoteInfo = "memory-Leak";
		};
		7E07F7D42883ECCE00A63F42 /* PBXContainerItemProxy */ = {
			isa = PBXContainerItemProxy;
			containerPortal = 7E07F7AB2883ECC900A63F42 /* Project object */;
			proxyType = 1;
			remoteGlobalIDString = 7E07F7B22883ECC900A63F42;
			remoteInfo = "memory-Leak";
		};
/* End PBXContainerItemProxy section */

/* Begin PBXFileReference section */
		7E07F7B32883ECC900A63F42 /* memory-Leak.app */ = {isa = PBXFileReference; explicitFileType = wrapper.application; includeInIndex = 0; path = "memory-Leak.app"; sourceTree = BUILT_PRODUCTS_DIR; };
		7E07F7B62883ECC900A63F42 /* AppDelegate.swift */ = {isa = PBXFileReference; lastKnownFileType = sourcecode.swift; path = AppDelegate.swift; sourceTree = "<group>"; };
		7E07F7B82883ECC900A63F42 /* SceneDelegate.swift */ = {isa = PBXFileReference; lastKnownFileType = sourcecode.swift; path = SceneDelegate.swift; sourceTree = "<group>"; };
		7E07F7BA2883ECC900A63F42 /* ViewController.swift */ = {isa = PBXFileReference; lastKnownFileType = sourcecode.swift; path = ViewController.swift; sourceTree = "<group>"; };
		7E07F7BD2883ECC900A63F42 /* Base */ = {isa = PBXFileReference; lastKnownFileType = file.storyboard; name = Base; path = Base.lproj/Main.storyboard; sourceTree = "<group>"; };
		7E07F7BF2883ECCE00A63F42 /* Assets.xcassets */ = {isa = PBXFileReference; lastKnownFileType = folder.assetcatalog; path = Assets.xcassets; sourceTree = "<group>"; };
		7E07F7C22883ECCE00A63F42 /* Base */ = {isa = PBXFileReference; lastKnownFileType = file.storyboard; name = Base; path = Base.lproj/LaunchScreen.storyboard; sourceTree = "<group>"; };
		7E07F7C42883ECCE00A63F42 /* Info.plist */ = {isa = PBXFileReference; lastKnownFileType = text.plist.xml; path = Info.plist; sourceTree = "<group>"; };
		7E07F7C92883ECCE00A63F42 /* memory-LeakTests.xctest */ = {isa = PBXFileReference; explicitFileType = wrapper.cfbundle; includeInIndex = 0; path = "memory-LeakTests.xctest"; sourceTree = BUILT_PRODUCTS_DIR; };
		7E07F7CD2883ECCE00A63F42 /* memory_LeakTests.swift */ = {isa = PBXFileReference; lastKnownFileType = sourcecode.swift; path = memory_LeakTests.swift; sourceTree = "<group>"; };
		7E07F7D32883ECCE00A63F42 /* memory-LeakUITests.xctest */ = {isa = PBXFileReference; explicitFileType = wrapper.cfbundle; includeInIndex = 0; path = "memory-LeakUITests.xctest"; sourceTree = BUILT_PRODUCTS_DIR; };
		7E07F7D72883ECCE00A63F42 /* memory_LeakUITests.swift */ = {isa = PBXFileReference; lastKnownFileType = sourcecode.swift; path = memory_LeakUITests.swift; sourceTree = "<group>"; };
		7E07F7D92883ECCE00A63F42 /* memory_LeakUITestsLaunchTests.swift */ = {isa = PBXFileReference; lastKnownFileType = sourcecode.swift; path = memory_LeakUITestsLaunchTests.swift; sourceTree = "<group>"; };
/* End PBXFileReference section */

/* Begin PBXFrameworksBuildPhase section */
		7E07F7B02883ECC900A63F42 /* Frameworks */ = {
			isa = PBXFrameworksBuildPhase;
			buildActionMask = 2147483647;
			files = (
			);
			runOnlyForDeploymentPostprocessing = 0;
		};
		7E07F7C62883ECCE00A63F42 /* Frameworks */ = {
			isa = PBXFrameworksBuildPhase;
			buildActionMask = 2147483647;
			files = (
			);
			runOnlyForDeploymentPostprocessing = 0;
		};
		7E07F7D02883ECCE00A63F42 /* Frameworks */ = {
			isa = PBXFrameworksBuildPhase;
			buildActionMask = 2147483647;
			files = (
			);
			runOnlyForDeploymentPostprocessing = 0;
		};
/* End PBXFrameworksBuildPhase section */

/* Begin PBXGroup section */
		7E07F7AA2883ECC900A63F42 = {
			isa = PBXGroup;
			children = (
				7E07F7B52883ECC900A63F42 /* memory-Leak */,
				7E07F7CC2883ECCE00A63F42 /* memory-LeakTests */,
				7E07F7D62883ECCE00A63F42 /* memory-LeakUITests */,
				7E07F7B42883ECC900A63F42 /* Products */,
			);
			sourceTree = "<group>";
		};
		7E07F7B42883ECC900A63F42 /* Products */ = {
			isa = PBXGroup;
			children = (
				7E07F7B32883ECC900A63F42 /* memory-Leak.app */,
				7E07F7C92883ECCE00A63F42 /* memory-LeakTests.xctest */,
				7E07F7D32883ECCE00A63F42 /* memory-LeakUITests.xctest */,
			);
			name = Products;
			sourceTree = "<group>";
		};
		7E07F7B52883ECC900A63F42 /* memory-Leak */ = {
			isa = PBXGroup;
			children = (
				7E07F7B62883ECC900A63F42 /* AppDelegate.swift */,
				7E07F7B82883ECC900A63F42 /* SceneDelegate.swift */,
				7E07F7BA2883ECC900A63F42 /* ViewController.swift */,
				7E07F7BC2883ECC900A63F42 /* Main.storyboard */,
				7E07F7BF2883ECCE00A63F42 /* Assets.xcassets */,
				7E07F7C12883ECCE00A63F42 /* LaunchScreen.storyboard */,
				7E07F7C42883ECCE00A63F42 /* Info.plist */,
			);
			path = "memory-Leak";
			sourceTree = "<group>";
		};
		7E07F7CC2883ECCE00A63F42 /* memory-LeakTests */ = {
			isa = PBXGroup;
			children = (
				7E07F7CD2883ECCE00A63F42 /* memory_LeakTests.swift */,
			);
			path = "memory-LeakTests";
			sourceTree = "<group>";
		};
		7E07F7D62883ECCE00A63F42 /* memory-LeakUITests */ = {
			isa = PBXGroup;
			children = (
				7E07F7D72883ECCE00A63F42 /* memory_LeakUITests.swift */,
				7E07F7D92883ECCE00A63F42 /* memory_LeakUITestsLaunchTests.swift */,
			);
			path = "memory-LeakUITests";
			sourceTree = "<group>";
		};
/* End PBXGroup section */

/* Begin PBXNativeTarget section */
		7E07F7B22883ECC900A63F42 /* memory-Leak */ = {
			isa = PBXNativeTarget;
			buildConfigurationList = 7E07F7DD2883ECCE00A63F42 /* Build configuration list for PBXNativeTarget "memory-Leak" */;
			buildPhases = (
				7E07F7AF2883ECC900A63F42 /* Sources */,
				7E07F7B02883ECC900A63F42 /* Frameworks */,
				7E07F7B12883ECC900A63F42 /* Resources */,
			);
			buildRules = (
			);
			dependencies = (
			);
			name = "memory-Leak";
			productName = "memory-Leak";
			productReference = 7E07F7B32883ECC900A63F42 /* memory-Leak.app */;
			productType = "com.apple.product-type.application";
		};
		7E07F7C82883ECCE00A63F42 /* memory-LeakTests */ = {
			isa = PBXNativeTarget;
			buildConfigurationList = 7E07F7E02883ECCE00A63F42 /* Build configuration list for PBXNativeTarget "memory-LeakTests" */;
			buildPhases = (
				7E07F7C52883ECCE00A63F42 /* Sources */,
				7E07F7C62883ECCE00A63F42 /* Frameworks */,
				7E07F7C72883ECCE00A63F42 /* Resources */,
			);
			buildRules = (
			);
			dependencies = (
				7E07F7CB2883ECCE00A63F42 /* PBXTargetDependency */,
			);
			name = "memory-LeakTests";
			productName = "memory-LeakTests";
			productReference = 7E07F7C92883ECCE00A63F42 /* memory-LeakTests.xctest */;
			productType = "com.apple.product-type.bundle.unit-test";
		};
		7E07F7D22883ECCE00A63F42 /* memory-LeakUITests */ = {
			isa = PBXNativeTarget;
			buildConfigurationList = 7E07F7E32883ECCE00A63F42 /* Build configuration list for PBXNativeTarget "memory-LeakUITests" */;
			buildPhases = (
				7E07F7CF2883ECCE00A63F42 /* Sources */,
				7E07F7D02883ECCE00A63F42 /* Frameworks */,
				7E07F7D12883ECCE00A63F42 /* Resources */,
			);
			buildRules = (
			);
			dependencies = (
				7E07F7D52883ECCE00A63F42 /* PBXTargetDependency */,
			);
			name = "memory-LeakUITests";
			productName = "memory-LeakUITests";
			productReference = 7E07F7D32883ECCE00A63F42 /* memory-LeakUITests.xctest */;
			productType = "com.apple.product-type.bundle.ui-testing";
		};
/* End PBXNativeTarget section */

/* Begin PBXProject section */
		7E07F7AB2883ECC900A63F42 /* Project object */ = {
			isa = PBXProject;
			attributes = {
				BuildIndependentTargetsInParallel = 1;
				LastSwiftUpdateCheck = 1330;
				LastUpgradeCheck = 1330;
				TargetAttributes = {
					7E07F7B22883ECC900A63F42 = {
						CreatedOnToolsVersion = 13.3.1;
					};
					7E07F7C82883ECCE00A63F42 = {
						CreatedOnToolsVersion = 13.3.1;
						TestTargetID = 7E07F7B22883ECC900A63F42;
					};
					7E07F7D22883ECCE00A63F42 = {
						CreatedOnToolsVersion = 13.3.1;
						TestTargetID = 7E07F7B22883ECC900A63F42;
					};
				};
			};
			buildConfigurationList = 7E07F7AE2883ECC900A63F42 /* Build configuration list for PBXProject "memory-Leak" */;
			compatibilityVersion = "Xcode 13.0";
			developmentRegion = en;
			hasScannedForEncodings = 0;
			knownRegions = (
				en,
				Base,
			);
			mainGroup = 7E07F7AA2883ECC900A63F42;
			productRefGroup = 7E07F7B42883ECC900A63F42 /* Products */;
			projectDirPath = "";
			projectRoot = "";
			targets = (
				7E07F7B22883ECC900A63F42 /* memory-Leak */,
				7E07F7C82883ECCE00A63F42 /* memory-LeakTests */,
				7E07F7D22883ECCE00A63F42 /* memory-LeakUITests */,
			);
		};
/* End PBXProject section */

/* Begin PBXResourcesBuildPhase section */
		7E07F7B12883ECC900A63F42 /* Resources */ = {
			isa = PBXResourcesBuildPhase;
			buildActionMask = 2147483647;
			files = (
				7E07F7C32883ECCE00A63F42 /* LaunchScreen.storyboard in Resources */,
				7E07F7C02883ECCE00A63F42 /* Assets.xcassets in Resources */,
				7E07F7BE2883ECC900A63F42 /* Main.storyboard in Resources */,
			);
			runOnlyForDeploymentPostprocessing = 0;
		};
		7E07F7C72883ECCE00A63F42 /* Resources */ = {
			isa = PBXResourcesBuildPhase;
			buildActionMask = 2147483647;
			files = (
			);
			runOnlyForDeploymentPostprocessing = 0;
		};
		7E07F7D12883ECCE00A63F42 /* Resources */ = {
			isa = PBXResourcesBuildPhase;
			buildActionMask = 2147483647;
			files = (
			);
			runOnlyForDeploymentPostprocessing = 0;
		};
/* End PBXResourcesBuildPhase section */

/* Begin PBXSourcesBuildPhase section */
		7E07F7AF2883ECC900A63F42 /* Sources */ = {
			isa = PBXSourcesBuildPhase;
			buildActionMask = 2147483647;
			files = (
				7E07F7BB2883ECC900A63F42 /* ViewController.swift in Sources */,
				7E07F7B72883ECC900A63F42 /* AppDelegate.swift in Sources */,
				7E07F7B92883ECC900A63F42 /* SceneDelegate.swift in Sources */,
			);
			runOnlyForDeploymentPostprocessing = 0;
		};
		7E07F7C52883ECCE00A63F42 /* Sources */ = {
			isa = PBXSourcesBuildPhase;
			buildActionMask = 2147483647;
			files = (
				7E07F7CE2883ECCE00A63F42 /* memory_LeakTests.swift in Sources */,
			);
			runOnlyForDeploymentPostprocessing = 0;
		};
		7E07F7CF2883ECCE00A63F42 /* Sources */ = {
			isa = PBXSourcesBuildPhase;
			buildActionMask = 2147483647;
			files = (
				7E07F7DA2883ECCE00A63F42 /* memory_LeakUITestsLaunchTests.swift in Sources */,
				7E07F7D82883ECCE00A63F42 /* memory_LeakUITests.swift in Sources */,
			);
			runOnlyForDeploymentPostprocessing = 0;
		};
/* End PBXSourcesBuildPhase section */

/* Begin PBXTargetDependency section */
		7E07F7CB2883ECCE00A63F42 /* PBXTargetDependency */ = {
			isa = PBXTargetDependency;
			target = 7E07F7B22883ECC900A63F42 /* memory-Leak */;
			targetProxy = 7E07F7CA2883ECCE00A63F42 /* PBXContainerItemProxy */;
		};
		7E07F7D52883ECCE00A63F42 /* PBXTargetDependency */ = {
			isa = PBXTargetDependency;
			target = 7E07F7B22883ECC900A63F42 /* memory-Leak */;
			targetProxy = 7E07F7D42883ECCE00A63F42 /* PBXContainerItemProxy */;
		};
/* End PBXTargetDependency section */

/* Begin PBXVariantGroup section */
		7E07F7BC2883ECC900A63F42 /* Main.storyboard */ = {
			isa = PBXVariantGroup;
			children = (
				7E07F7BD2883ECC900A63F42 /* Base */,
			);
			name = Main.storyboard;
			sourceTree = "<group>";
		};
		7E07F7C12883ECCE00A63F42 /* LaunchScreen.storyboard */ = {
			isa = PBXVariantGroup;
			children = (
				7E07F7C22883ECCE00A63F42 /* Base */,
			);
			name = LaunchScreen.storyboard;
			sourceTree = "<group>";
		};
/* End PBXVariantGroup section */

/* Begin XCBuildConfiguration section */
		7E07F7DB2883ECCE00A63F42 /* Debug */ = {
			isa = XCBuildConfiguration;
			buildSettings = {
				ALWAYS_SEARCH_USER_PATHS = NO;
				CLANG_ANALYZER_NONNULL = YES;
				CLANG_ANALYZER_NUMBER_OBJECT_CONVERSION = YES_AGGRESSIVE;
				CLANG_CXX_LANGUAGE_STANDARD = "gnu++17";
				CLANG_ENABLE_MODULES = YES;
				CLANG_ENABLE_OBJC_ARC = YES;
				CLANG_ENABLE_OBJC_WEAK = YES;
				CLANG_WARN_BLOCK_CAPTURE_AUTORELEASING = YES;
				CLANG_WARN_BOOL_CONVERSION = YES;
				CLANG_WARN_COMMA = YES;
				CLANG_WARN_CONSTANT_CONVERSION = YES;
				CLANG_WARN_DEPRECATED_OBJC_IMPLEMENTATIONS = YES;
				CLANG_WARN_DIRECT_OBJC_ISA_USAGE = YES_ERROR;
				CLANG_WARN_DOCUMENTATION_COMMENTS = YES;
				CLANG_WARN_EMPTY_BODY = YES;
				CLANG_WARN_ENUM_CONVERSION = YES;
				CLANG_WARN_INFINITE_RECURSION = YES;
				CLANG_WARN_INT_CONVERSION = YES;
				CLANG_WARN_NON_LITERAL_NULL_CONVERSION = YES;
				CLANG_WARN_OBJC_IMPLICIT_RETAIN_SELF = YES;
				CLANG_WARN_OBJC_LITERAL_CONVERSION = YES;
				CLANG_WARN_OBJC_ROOT_CLASS = YES_ERROR;
				CLANG_WARN_QUOTED_INCLUDE_IN_FRAMEWORK_HEADER = YES;
				CLANG_WARN_RANGE_LOOP_ANALYSIS = YES;
				CLANG_WARN_STRICT_PROTOTYPES = YES;
				CLANG_WARN_SUSPICIOUS_MOVE = YES;
				CLANG_WARN_UNGUARDED_AVAILABILITY = YES_AGGRESSIVE;
				CLANG_WARN_UNREACHABLE_CODE = YES;
				CLANG_WARN__DUPLICATE_METHOD_MATCH = YES;
				COPY_PHASE_STRIP = NO;
				DEBUG_INFORMATION_FORMAT = dwarf;
				ENABLE_STRICT_OBJC_MSGSEND = YES;
				ENABLE_TESTABILITY = YES;
				GCC_C_LANGUAGE_STANDARD = gnu11;
				GCC_DYNAMIC_NO_PIC = NO;
				GCC_NO_COMMON_BLOCKS = YES;
				GCC_OPTIMIZATION_LEVEL = 0;
				GCC_PREPROCESSOR_DEFINITIONS = (
					"DEBUG=1",
					"$(inherited)",
				);
				GCC_WARN_64_TO_32_BIT_CONVERSION = YES;
				GCC_WARN_ABOUT_RETURN_TYPE = YES_ERROR;
				GCC_WARN_UNDECLARED_SELECTOR = YES;
				GCC_WARN_UNINITIALIZED_AUTOS = YES_AGGRESSIVE;
				GCC_WARN_UNUSED_FUNCTION = YES;
				GCC_WARN_UNUSED_VARIABLE = YES;
				IPHONEOS_DEPLOYMENT_TARGET = 15.4;
				MTL_ENABLE_DEBUG_INFO = INCLUDE_SOURCE;
				MTL_FAST_MATH = YES;
				ONLY_ACTIVE_ARCH = YES;
				SDKROOT = iphoneos;
				SWIFT_ACTIVE_COMPILATION_CONDITIONS = DEBUG;
				SWIFT_OPTIMIZATION_LEVEL = "-Onone";
			};
			name = Debug;
		};
		7E07F7DC2883ECCE00A63F42 /* Release */ = {
			isa = XCBuildConfiguration;
			buildSettings = {
				ALWAYS_SEARCH_USER_PATHS = NO;
				CLANG_ANALYZER_NONNULL = YES;
				CLANG_ANALYZER_NUMBER_OBJECT_CONVERSION = YES_AGGRESSIVE;
				CLANG_CXX_LANGUAGE_STANDARD = "gnu++17";
				CLANG_ENABLE_MODULES = YES;
				CLANG_ENABLE_OBJC_ARC = YES;
				CLANG_ENABLE_OBJC_WEAK = YES;
				CLANG_WARN_BLOCK_CAPTURE_AUTORELEASING = YES;
				CLANG_WARN_BOOL_CONVERSION = YES;
				CLANG_WARN_COMMA = YES;
				CLANG_WARN_CONSTANT_CONVERSION = YES;
				CLANG_WARN_DEPRECATED_OBJC_IMPLEMENTATIONS = YES;
				CLANG_WARN_DIRECT_OBJC_ISA_USAGE = YES_ERROR;
				CLANG_WARN_DOCUMENTATION_COMMENTS = YES;
				CLANG_WARN_EMPTY_BODY = YES;
				CLANG_WARN_ENUM_CONVERSION = YES;
				CLANG_WARN_INFINITE_RECURSION = YES;
				CLANG_WARN_INT_CONVERSION = YES;
				CLANG_WARN_NON_LITERAL_NULL_CONVERSION = YES;
				CLANG_WARN_OBJC_IMPLICIT_RETAIN_SELF = YES;
				CLANG_WARN_OBJC_LITERAL_CONVERSION = YES;
				CLANG_WARN_OBJC_ROOT_CLASS = YES_ERROR;
				CLANG_WARN_QUOTED_INCLUDE_IN_FRAMEWORK_HEADER = YES;
				CLANG_WARN_RANGE_LOOP_ANALYSIS = YES;
				CLANG_WARN_STRICT_PROTOTYPES = YES;
				CLANG_WARN_SUSPICIOUS_MOVE = YES;
				CLANG_WARN_UNGUARDED_AVAILABILITY = YES_AGGRESSIVE;
				CLANG_WARN_UNREACHABLE_CODE = YES;
				CLANG_WARN__DUPLICATE_METHOD_MATCH = YES;
				COPY_PHASE_STRIP = NO;
				DEBUG_INFORMATION_FORMAT = "dwarf-with-dsym";
				ENABLE_NS_ASSERTIONS = NO;
				ENABLE_STRICT_OBJC_MSGSEND = YES;
				GCC_C_LANGUAGE_STANDARD = gnu11;
				GCC_NO_COMMON_BLOCKS = YES;
				GCC_WARN_64_TO_32_BIT_CONVERSION = YES;
				GCC_WARN_ABOUT_RETURN_TYPE = YES_ERROR;
				GCC_WARN_UNDECLARED_SELECTOR = YES;
				GCC_WARN_UNINITIALIZED_AUTOS = YES_AGGRESSIVE;
				GCC_WARN_UNUSED_FUNCTION = YES;
				GCC_WARN_UNUSED_VARIABLE = YES;
				IPHONEOS_DEPLOYMENT_TARGET = 15.4;
				MTL_ENABLE_DEBUG_INFO = NO;
				MTL_FAST_MATH = YES;
				SDKROOT = iphoneos;
				SWIFT_COMPILATION_MODE = wholemodule;
				SWIFT_OPTIMIZATION_LEVEL = "-O";
				VALIDATE_PRODUCT = YES;
			};
			name = Release;
		};
		7E07F7DE2883ECCE00A63F42 /* Debug */ = {
			isa = XCBuildConfiguration;
			buildSettings = {
				ASSETCATALOG_COMPILER_APPICON_NAME = AppIcon;
				ASSETCATALOG_COMPILER_GLOBAL_ACCENT_COLOR_NAME = AccentColor;
				CODE_SIGN_STYLE = Automatic;
				CURRENT_PROJECT_VERSION = 1;
				DEVELOPMENT_TEAM = 3LGR4W73V5;
				GENERATE_INFOPLIST_FILE = YES;
				INFOPLIST_FILE = "memory-Leak/Info.plist";
				INFOPLIST_KEY_CFBundleDisplayName = "Memory Leak";
				INFOPLIST_KEY_UIApplicationSupportsIndirectInputEvents = YES;
				INFOPLIST_KEY_UILaunchStoryboardName = LaunchScreen;
				INFOPLIST_KEY_UIMainStoryboardFile = Main;
				INFOPLIST_KEY_UISupportedInterfaceOrientations_iPad = "UIInterfaceOrientationPortrait UIInterfaceOrientationPortraitUpsideDown UIInterfaceOrientationLandscapeLeft UIInterfaceOrientationLandscapeRight";
				INFOPLIST_KEY_UISupportedInterfaceOrientations_iPhone = "UIInterfaceOrientationPortrait UIInterfaceOrientationLandscapeLeft UIInterfaceOrientationLandscapeRight";
				LD_RUNPATH_SEARCH_PATHS = (
					"$(inherited)",
					"@executable_path/Frameworks",
				);
				MARKETING_VERSION = 1.0;
				PRODUCT_BUNDLE_IDENTIFIER = com.rammzan.memory.leak;
				PRODUCT_NAME = "$(TARGET_NAME)";
				SWIFT_EMIT_LOC_STRINGS = YES;
				SWIFT_VERSION = 5.0;
				TARGETED_DEVICE_FAMILY = "1,2";
			};
			name = Debug;
		};
		7E07F7DF2883ECCE00A63F42 /* Release */ = {
			isa = XCBuildConfiguration;
			buildSettings = {
				ASSETCATALOG_COMPILER_APPICON_NAME = AppIcon;
				ASSETCATALOG_COMPILER_GLOBAL_ACCENT_COLOR_NAME = AccentColor;
				CODE_SIGN_STYLE = Automatic;
				CURRENT_PROJECT_VERSION = 1;
				DEVELOPMENT_TEAM = 3LGR4W73V5;
				GENERATE_INFOPLIST_FILE = YES;
				INFOPLIST_FILE = "memory-Leak/Info.plist";
				INFOPLIST_KEY_CFBundleDisplayName = "Memory Leak";
				INFOPLIST_KEY_UIApplicationSupportsIndirectInputEvents = YES;
				INFOPLIST_KEY_UILaunchStoryboardName = LaunchScreen;
				INFOPLIST_KEY_UIMainStoryboardFile = Main;
				INFOPLIST_KEY_UISupportedInterfaceOrientations_iPad = "UIInterfaceOrientationPortrait UIInterfaceOrientationPortraitUpsideDown UIInterfaceOrientationLandscapeLeft UIInterfaceOrientationLandscapeRight";
				INFOPLIST_KEY_UISupportedInterfaceOrientations_iPhone = "UIInterfaceOrientationPortrait UIInterfaceOrientationLandscapeLeft UIInterfaceOrientationLandscapeRight";
				LD_RUNPATH_SEARCH_PATHS = (
					"$(inherited)",
					"@executable_path/Frameworks",
				);
				MARKETING_VERSION = 1.0;
				PRODUCT_BUNDLE_IDENTIFIER = com.rammzan.memory.leak;
				PRODUCT_NAME = "$(TARGET_NAME)";
				SWIFT_EMIT_LOC_STRINGS = YES;
				SWIFT_VERSION = 5.0;
				TARGETED_DEVICE_FAMILY = "1,2";
			};
			name = Release;
		};
		7E07F7E12883ECCE00A63F42 /* Debug */ = {
			isa = XCBuildConfiguration;
			buildSettings = {
				ALWAYS_EMBED_SWIFT_STANDARD_LIBRARIES = YES;
				BUNDLE_LOADER = "$(TEST_HOST)";
				CODE_SIGN_STYLE = Automatic;
				CURRENT_PROJECT_VERSION = 1;
				DEVELOPMENT_TEAM = 3LGR4W73V5;
				GENERATE_INFOPLIST_FILE = YES;
				IPHONEOS_DEPLOYMENT_TARGET = 15.4;
				MARKETING_VERSION = 1.0;
				PRODUCT_BUNDLE_IDENTIFIER = "com.rammzan.memory-leak.memory-LeakTests";
				PRODUCT_NAME = "$(TARGET_NAME)";
				SWIFT_EMIT_LOC_STRINGS = NO;
				SWIFT_VERSION = 5.0;
				TARGETED_DEVICE_FAMILY = "1,2";
				TEST_HOST = "$(BUILT_PRODUCTS_DIR)/memory-Leak.app/memory-Leak";
			};
			name = Debug;
		};
		7E07F7E22883ECCE00A63F42 /* Release */ = {
			isa = XCBuildConfiguration;
			buildSettings = {
				ALWAYS_EMBED_SWIFT_STANDARD_LIBRARIES = YES;
				BUNDLE_LOADER = "$(TEST_HOST)";
				CODE_SIGN_STYLE = Automatic;
				CURRENT_PROJECT_VERSION = 1;
				DEVELOPMENT_TEAM = 3LGR4W73V5;
				GENERATE_INFOPLIST_FILE = YES;
				IPHONEOS_DEPLOYMENT_TARGET = 15.4;
				MARKETING_VERSION = 1.0;
				PRODUCT_BUNDLE_IDENTIFIER = "com.rammzan.memory-leak.memory-LeakTests";
				PRODUCT_NAME = "$(TARGET_NAME)";
				SWIFT_EMIT_LOC_STRINGS = NO;
				SWIFT_VERSION = 5.0;
				TARGETED_DEVICE_FAMILY = "1,2";
				TEST_HOST = "$(BUILT_PRODUCTS_DIR)/memory-Leak.app/memory-Leak";
			};
			name = Release;
		};
		7E07F7E42883ECCE00A63F42 /* Debug */ = {
			isa = XCBuildConfiguration;
			buildSettings = {
				ALWAYS_EMBED_SWIFT_STANDARD_LIBRARIES = YES;
				CODE_SIGN_STYLE = Automatic;
				CURRENT_PROJECT_VERSION = 1;
				DEVELOPMENT_TEAM = 3LGR4W73V5;
				GENERATE_INFOPLIST_FILE = YES;
				MARKETING_VERSION = 1.0;
				PRODUCT_BUNDLE_IDENTIFIER = "com.rammzan.memory-leak.memory-LeakUITests";
				PRODUCT_NAME = "$(TARGET_NAME)";
				SWIFT_EMIT_LOC_STRINGS = NO;
				SWIFT_VERSION = 5.0;
				TARGETED_DEVICE_FAMILY = "1,2";
				TEST_TARGET_NAME = "memory-Leak";
			};
			name = Debug;
		};
		7E07F7E52883ECCE00A63F42 /* Release */ = {
			isa = XCBuildConfiguration;
			buildSettings = {
				ALWAYS_EMBED_SWIFT_STANDARD_LIBRARIES = YES;
				CODE_SIGN_STYLE = Automatic;
				CURRENT_PROJECT_VERSION = 1;
				DEVELOPMENT_TEAM = 3LGR4W73V5;
				GENERATE_INFOPLIST_FILE = YES;
				MARKETING_VERSION = 1.0;
				PRODUCT_BUNDLE_IDENTIFIER = "com.rammzan.memory-leak.memory-LeakUITests";
				PRODUCT_NAME = "$(TARGET_NAME)";
				SWIFT_EMIT_LOC_STRINGS = NO;
				SWIFT_VERSION = 5.0;
				TARGETED_DEVICE_FAMILY = "1,2";
				TEST_TARGET_NAME = "memory-Leak";
			};
			name = Release;
		};
/* End XCBuildConfiguration section */

/* Begin XCConfigurationList section */
		7E07F7AE2883ECC900A63F42 /* Build configuration list for PBXProject "memory-Leak" */ = {
			isa = XCConfigurationList;
			buildConfigurations = (
				7E07F7DB2883ECCE00A63F42 /* Debug */,
				7E07F7DC2883ECCE00A63F42 /* Release */,
			);
			defaultConfigurationIsVisible = 0;
			defaultConfigurationName = Release;
		};
		7E07F7DD2883ECCE00A63F42 /* Build configuration list for PBXNativeTarget "memory-Leak" */ = {
			isa = XCConfigurationList;
			buildConfigurations = (
				7E07F7DE2883ECCE00A63F42 /* Debug */,
				7E07F7DF2883ECCE00A63F42 /* Release */,
			);
			defaultConfigurationIsVisible = 0;
			defaultConfigurationName = Release;
		};
		7E07F7E02883ECCE00A63F42 /* Build configuration list for PBXNativeTarget "memory-LeakTests" */ = {
			isa = XCConfigurationList;
			buildConfigurations = (
				7E07F7E12883ECCE00A63F42 /* Debug */,
				7E07F7E22883ECCE00A63F42 /* Release */,
			);
			defaultConfigurationIsVisible = 0;
			defaultConfigurationName = Release;
		};
		7E07F7E32883ECCE00A63F42 /* Build configuration list for PBXNativeTarget "memory-LeakUITests" */ = {
			isa = XCConfigurationList;
			buildConfigurations = (
				7E07F7E42883ECCE00A63F42 /* Debug */,
				7E07F7E52883ECCE00A63F42 /* Release */,
			);
			defaultConfigurationIsVisible = 0;
			defaultConfigurationName = Release;
		};
/* End XCConfigurationList section */
	};
	rootObject = 7E07F7AB2883ECC900A63F42 /* Project object */;
}
